
Microsoft Visual Studio Solution File, Format Version 12.00
# Visual Studio Version 16
VisualStudioVersion = 16.0.30717.126
MinimumVisualStudioVersion = 10.0.40219.1
Project("{9A19103F-16F7-4668-BE54-9A1E7A4F7556}") = "Aujourdhui.Infrastructure", "Aujourdhui.Infrastructure\Aujourdhui.Infrastructure.csproj", "{8D3B6D8D-64ED-4F94-9108-1E3DDF94C6C1}"
EndProject
Project("{9A19103F-16F7-4668-BE54-9A1E7A4F7556}") = "Aujourdhui.Services", "Aujourdhui.Services\Aujourdhui.Services.csproj", "{DFBD184F-FC44-4437-9B9A-C211122C5919}"
EndProject
Project("{9A19103F-16F7-4668-BE54-9A1E7A4F7556}") = "Aujourdhui.Mapping", "Aujourdhui.Mapping\Aujourdhui.Mapping.csproj", "{64D9380D-0047-4C11-B40B-6EBEECEA6035}"
EndProject
Project("{2150E333-8FDC-42A3-9474-1A3956D46DE8}") = "Aujourdhui.Models", "Aujourdhui.Models", "{D4DC941D-DB9C-4996-BC02-C01F0BD4611A}"
EndProject
Project("{9A19103F-16F7-4668-BE54-9A1E7A4F7556}") = "Aujourdhui.Server", "Aujourdhui.Server\Aujourdhui.Server.csproj", "{AC3F9C0C-F05C-4F2A-906F-D7F5D3338B45}"
EndProject
Project("{9A19103F-16F7-4668-BE54-9A1E7A4F7556}") = "Aujourdhui.Data.Models", "Aujourdhui.Models\Aujourdhui.Data.Models\Aujourdhui.Data.Models.csproj", "{6EB23A74-7817-4E06-82E1-8DA434DB734B}"
EndProject
Project("{9A19103F-16F7-4668-BE54-9A1E7A4F7556}") = "Aujourdhui.Services.Models", "Aujourdhui.Models\Aujourdhui.Services.Models\Aujourdhui.Services.Models.csproj", "{FDE83E2E-7084-4827-8510-A1947C35EF00}"
EndProject
Project("{9A19103F-16F7-4668-BE54-9A1E7A4F7556}") = "Aujourdhui.ViewModels", "Aujourdhui.Models\Aujourdhui.ViewModels\Aujourdhui.ViewModels.csproj", "{1E9B692B-1919-4EA3-9682-A78DE3812012}"
EndProject
Project("{9A19103F-16F7-4668-BE54-9A1E7A4F7556}") = "Aujourdhui.Data", "Aujourdhui.Data\Aujourdhui.Data.csproj", "{359E4A70-1E31-481D-8A15-23F4ADA63C00}"
EndProject
Project("{9A19103F-16F7-4668-BE54-9A1E7A4F7556}") = "Aujourdhui.Client", "Aujourdhui.Client\Aujourdhui.Client.csproj", "{6B6470EB-E1A6-4527-88C4-839A9D8A8C72}"
EndProject
Project("{FAE04EC0-301F-11D3-BF4B-00C04F79EFBC}") = "Aujourdhui.Extensions", "Aujourdhui.Extensions\Aujourdhui.Extensions.csproj", "{62D4469E-EEDC-4B60-B21E-7503E5EB3D91}"
EndProject
Global
	GlobalSection(SolutionConfigurationPlatforms) = preSolution
		Debug|Any CPU = Debug|Any CPU
		Release|Any CPU = Release|Any CPU
	EndGlobalSection
	GlobalSection(ProjectConfigurationPlatforms) = postSolution
		{8D3B6D8D-64ED-4F94-9108-1E3DDF94C6C1}.Debug|Any CPU.ActiveCfg = Debug|Any CPU
		{8D3B6D8D-64ED-4F94-9108-1E3DDF94C6C1}.Debug|Any CPU.Build.0 = Debug|Any CPU
		{8D3B6D8D-64ED-4F94-9108-1E3DDF94C6C1}.Release|Any CPU.ActiveCfg = Release|Any CPU
		{8D3B6D8D-64ED-4F94-9108-1E3DDF94C6C1}.Release|Any CPU.Build.0 = Release|Any CPU
		{DFBD184F-FC44-4437-9B9A-C211122C5919}.Debug|Any CPU.ActiveCfg = Debug|Any CPU
		{DFBD184F-FC44-4437-9B9A-C211122C5919}.Debug|Any CPU.Build.0 = Debug|Any CPU
		{DFBD184F-FC44-4437-9B9A-C211122C5919}.Release|Any CPU.ActiveCfg = Release|Any CPU
		{DFBD184F-FC44-4437-9B9A-C211122C5919}.Release|Any CPU.Build.0 = Release|Any CPU
		{64D9380D-0047-4C11-B40B-6EBEECEA6035}.Debug|Any CPU.ActiveCfg = Debug|Any CPU
		{64D9380D-0047-4C11-B40B-6EBEECEA6035}.Debug|Any CPU.Build.0 = Debug|Any CPU
		{64D9380D-0047-4C11-B40B-6EBEECEA6035}.Release|Any CPU.ActiveCfg = Release|Any CPU
		{64D9380D-0047-4C11-B40B-6EBEECEA6035}.Release|Any CPU.Build.0 = Release|Any CPU
		{AC3F9C0C-F05C-4F2A-906F-D7F5D3338B45}.Debug|Any CPU.ActiveCfg = Debug|Any CPU
		{AC3F9C0C-F05C-4F2A-906F-D7F5D3338B45}.Debug|Any CPU.Build.0 = Debug|Any CPU
		{AC3F9C0C-F05C-4F2A-906F-D7F5D3338B45}.Release|Any CPU.ActiveCfg = Release|Any CPU
		{AC3F9C0C-F05C-4F2A-906F-D7F5D3338B45}.Release|Any CPU.Build.0 = Release|Any CPU
		{6EB23A74-7817-4E06-82E1-8DA434DB734B}.Debug|Any CPU.ActiveCfg = Debug|Any CPU
		{6EB23A74-7817-4E06-82E1-8DA434DB734B}.Debug|Any CPU.Build.0 = Debug|Any CPU
		{6EB23A74-7817-4E06-82E1-8DA434DB734B}.Release|Any CPU.ActiveCfg = Release|Any CPU
		{6EB23A74-7817-4E06-82E1-8DA434DB734B}.Release|Any CPU.Build.0 = Release|Any CPU
		{FDE83E2E-7084-4827-8510-A1947C35EF00}.Debug|Any CPU.ActiveCfg = Debug|Any CPU
		{FDE83E2E-7084-4827-8510-A1947C35EF00}.Debug|Any CPU.Build.0 = Debug|Any CPU
		{FDE83E2E-7084-4827-8510-A1947C35EF00}.Release|Any CPU.ActiveCfg = Release|Any CPU
		{FDE83E2E-7084-4827-8510-A1947C35EF00}.Release|Any CPU.Build.0 = Release|Any CPU
		{1E9B692B-1919-4EA3-9682-A78DE3812012}.Debug|Any CPU.ActiveCfg = Debug|Any CPU
		{1E9B692B-1919-4EA3-9682-A78DE3812012}.Debug|Any CPU.Build.0 = Debug|Any CPU
		{1E9B692B-1919-4EA3-9682-A78DE3812012}.Release|Any CPU.ActiveCfg = Release|Any CPU
		{1E9B692B-1919-4EA3-9682-A78DE3812012}.Release|Any CPU.Build.0 = Release|Any CPU
		{359E4A70-1E31-481D-8A15-23F4ADA63C00}.Debug|Any CPU.ActiveCfg = Debug|Any CPU
		{359E4A70-1E31-481D-8A15-23F4ADA63C00}.Debug|Any CPU.Build.0 = Debug|Any CPU
		{359E4A70-1E31-481D-8A15-23F4ADA63C00}.Release|Any CPU.ActiveCfg = Release|Any CPU
		{359E4A70-1E31-481D-8A15-23F4ADA63C00}.Release|Any CPU.Build.0 = Release|Any CPU
		{6B6470EB-E1A6-4527-88C4-839A9D8A8C72}.Debug|Any CPU.ActiveCfg = Debug|Any CPU
		{6B6470EB-E1A6-4527-88C4-839A9D8A8C72}.Debug|Any CPU.Build.0 = Debug|Any CPU
		{6B6470EB-E1A6-4527-88C4-839A9D8A8C72}.Release|Any CPU.ActiveCfg = Release|Any CPU
		{6B6470EB-E1A6-4527-88C4-839A9D8A8C72}.Release|Any CPU.Build.0 = Release|Any CPU
		{62D4469E-EEDC-4B60-B21E-7503E5EB3D91}.Debug|Any CPU.ActiveCfg = Debug|Any CPU
		{62D4469E-EEDC-4B60-B21E-7503E5EB3D91}.Debug|Any CPU.Build.0 = Debug|Any CPU
		{62D4469E-EEDC-4B60-B21E-7503E5EB3D91}.Release|Any CPU.ActiveCfg = Release|Any CPU
		{62D4469E-EEDC-4B60-B21E-7503E5EB3D91}.Release|Any CPU.Build.0 = Release|Any CPU
	EndGlobalSection
	GlobalSection(SolutionProperties) = preSolution
		HideSolutionNode = FALSE
	EndGlobalSection
	GlobalSection(NestedProjects) = preSolution
		{6EB23A74-7817-4E06-82E1-8DA434DB734B} = {D4DC941D-DB9C-4996-BC02-C01F0BD4611A}
		{FDE83E2E-7084-4827-8510-A1947C35EF00} = {D4DC941D-DB9C-4996-BC02-C01F0BD4611A}
		{1E9B692B-1919-4EA3-9682-A78DE3812012} = {D4DC941D-DB9C-4996-BC02-C01F0BD4611A}
	EndGlobalSection
	GlobalSection(ExtensibilityGlobals) = postSolution
		SolutionGuid = {B7909E7F-9D65-4858-881E-8C614770FAD0}
	EndGlobalSection
EndGlobal
